
Microsoft Visual Studio Solution File, Format Version 12.00
# Visual Studio Version 17
VisualStudioVersion = 17.3.32929.385
MinimumVisualStudioVersion = 10.0.40219.1
Project("{FAE04EC0-301F-11D3-BF4B-00C04F79EFBC}") = "Hopirtean_FeliciaDaniela_Lab 1", "Hopirtean_FeliciaDaniela_Lab 1.csproj", "{AB5F6527-6D86-4ABF-BA57-61B5B63B7A09}"
EndProject
Global
	GlobalSection(SolutionConfigurationPlatforms) = preSolution
		Debug|Any CPU = Debug|Any CPU
		Release|Any CPU = Release|Any CPU
	EndGlobalSection
	GlobalSection(ProjectConfigurationPlatforms) = postSolution
		{AB5F6527-6D86-4ABF-BA57-61B5B63B7A09}.Debug|Any CPU.ActiveCfg = Debug|Any CPU
		{AB5F6527-6D86-4ABF-BA57-61B5B63B7A09}.Debug|Any CPU.Build.0 = Debug|Any CPU
		{AB5F6527-6D86-4ABF-BA57-61B5B63B7A09}.Release|Any CPU.ActiveCfg = Release|Any CPU
		{AB5F6527-6D86-4ABF-BA57-61B5B63B7A09}.Release|Any CPU.Build.0 = Release|Any CPU
	EndGlobalSection
	GlobalSection(SolutionProperties) = preSolution
		HideSolutionNode = FALSE
	EndGlobalSection
	GlobalSection(ExtensibilityGlobals) = postSolution
		SolutionGuid = {23F85DE8-A517-4520-85B1-FA8473FF0B5C}
	EndGlobalSection
EndGlobal
